{
  "R": {
    "Version": "4.1.2",
    "Repositories": [
      {
        "Name": "CRAN",
        "URL": "https://cran.rstudio.com"
      }
    ]
  },
  "Packages": {
    "renv": {
      "Package": "renv",
      "Version": "0.14.0",
      "Source": "CRAN",
      "Repository": "CRAN",
      "RemoteType": "standard",
      "RemotePkgRef": "renv",
      "RemoteRef": "renv",
      "RemoteRepos": "https://cran.rstudio.com/",
      "RemotePkgPlatform": "macos",
      "RemoteSha": "0.14.0",
      "Hash": "30e5eba91b67f7f4d75d31de14bbfbdc"
    }
  }
}
