{
  "R": {
    "Version": "4.1.2",
    "Repositories": [
      {
        "Name": "CRAN",
        "URL": "https://cran.rstudio.com"
      }
    ]
  },
  "Packages": {
    "MASS": {
      "Package": "MASS",
      "Version": "7.3-54",
      "Source": "Repository",
      "Repository": "CRAN",
      "Hash": "0e59129db205112e3963904db67fd0dc"
    },
    "Matrix": {
      "Package": "Matrix",
      "Version": "1.3-4",
      "Source": "Repository",
      "Repository": "CRAN",
      "Hash": "4ed05e9c9726267e4a5872e09c04587c"
    },
    "R6": {
      "Package": "R6",
      "Version": "2.5.1",
      "Source": "CRAN",
      "Repository": "CRAN",
      "RemoteType": "standard",
      "RemotePkgRef": "R6",
      "RemoteRef": "R6",
      "RemoteRepos": "https://cran.rstudio.com/",
      "RemotePkgPlatform": "macos",
      "RemoteSha": "2.5.1",
      "Hash": "470851b6d5d0ac559e9d01bb352b4021"
    },
    "RColorBrewer": {
      "Package": "RColorBrewer",
      "Version": "1.1-2",
      "Source": "CRAN",
      "Repository": "CRAN",
      "RemoteType": "standard",
      "RemotePkgRef": "RColorBrewer",
      "RemoteRef": "RColorBrewer",
      "RemoteRepos": "https://cran.rstudio.com/",
      "RemotePkgPlatform": "macos",
      "RemoteSha": "1.1-2",
      "Hash": "e031418365a7f7a766181ab5a41a5716"
    },
    "base64enc": {
      "Package": "base64enc",
      "Version": "0.1-3",
      "Source": "CRAN",
      "Repository": "CRAN",
      "RemoteType": "standard",
      "RemotePkgRef": "base64enc",
      "RemoteRef": "base64enc",
      "RemoteRepos": "https://cran.rstudio.com/",
      "RemotePkgPlatform": "macos",
      "RemoteSha": "0.1-3",
      "Hash": "543776ae6848fde2f48ff3816d0628bc"
    },
    "brio": {
      "Package": "brio",
      "Version": "1.1.2",
      "Source": "CRAN",
      "Repository": "CRAN",
      "RemoteType": "standard",
      "RemotePkgRef": "brio",
      "RemoteRef": "brio",
      "RemoteRepos": "https://cran.rstudio.com/",
      "RemotePkgPlatform": "macos",
      "RemoteSha": "1.1.2",
      "Hash": "2f01e16ff9571fe70381c7b9ae560dc4"
    },
    "callr": {
      "Package": "callr",
      "Version": "3.7.0",
      "Source": "CRAN",
      "Repository": "CRAN",
      "RemoteType": "standard",
      "RemotePkgRef": "callr",
      "RemoteRef": "callr",
      "RemoteRepos": "https://cran.rstudio.com/",
      "RemotePkgPlatform": "macos",
      "RemoteSha": "3.7.0",
      "Hash": "461aa75a11ce2400245190ef5d3995df"
    },
    "cli": {
      "Package": "cli",
      "Version": "3.1.0",
      "Source": "CRAN",
      "Repository": "CRAN",
      "RemoteType": "standard",
      "RemotePkgRef": "cli",
      "RemoteRef": "cli",
      "RemoteRepos": "https://cran.rstudio.com/",
      "RemotePkgPlatform": "macos",
      "RemoteSha": "3.1.0",
      "Hash": "66a3834e54593c89d8beefb312347e58"
    },
    "colorspace": {
      "Package": "colorspace",
      "Version": "2.0-2",
      "Source": "CRAN",
      "Repository": "CRAN",
      "RemoteType": "standard",
      "RemotePkgRef": "colorspace",
      "RemoteRef": "colorspace",
      "RemoteRepos": "https://cran.rstudio.com/",
      "RemotePkgPlatform": "macos",
      "RemoteSha": "2.0-2",
      "Hash": "6baccb763ee83c0bd313460fdb8b8a84"
    },
    "cpp11": {
      "Package": "cpp11",
      "Version": "0.4.1",
      "Source": "CRAN",
      "Repository": "CRAN",
      "RemoteType": "standard",
      "RemotePkgRef": "cpp11",
      "RemoteRef": "cpp11",
      "RemoteRepos": "https://cran.rstudio.com/",
      "RemotePkgPlatform": "macos",
      "RemoteSha": "0.4.1",
      "Hash": "70976176dfd7f179f212783aab2547b1"
    },
    "crayon": {
      "Package": "crayon",
      "Version": "1.4.2",
      "Source": "CRAN",
      "Repository": "CRAN",
      "RemoteType": "standard",
      "RemotePkgRef": "crayon",
      "RemoteRef": "crayon",
      "RemoteRepos": "https://cran.rstudio.com/",
      "RemotePkgPlatform": "macos",
      "RemoteSha": "1.4.2",
      "Hash": "0a6a65d92bd45b47b94b84244b528d17"
    },
    "desc": {
      "Package": "desc",
      "Version": "1.4.0",
      "Source": "CRAN",
      "Repository": "CRAN",
      "RemoteType": "standard",
      "RemotePkgRef": "desc",
      "RemoteRef": "desc",
      "RemoteRepos": "https://cran.rstudio.com/",
      "RemotePkgPlatform": "macos",
      "RemoteSha": "1.4.0",
      "Hash": "28763d08fadd0b733e3cee9dab4e12fe"
    },
    "diffobj": {
      "Package": "diffobj",
      "Version": "0.3.5",
      "Source": "CRAN",
      "Repository": "CRAN",
      "RemoteType": "standard",
      "RemotePkgRef": "diffobj",
      "RemoteRef": "diffobj",
      "RemoteRepos": "https://cran.rstudio.com/",
      "RemotePkgPlatform": "macos",
      "RemoteSha": "0.3.5",
      "Hash": "bcaa8b95f8d7d01a5dedfd959ce88ab8"
    },
    "digest": {
      "Package": "digest",
      "Version": "0.6.28",
      "Source": "CRAN",
      "Repository": "CRAN",
      "RemoteType": "standard",
      "RemotePkgRef": "digest",
      "RemoteRef": "digest",
      "RemoteRepos": "https://cran.rstudio.com/",
      "RemotePkgPlatform": "macos",
      "RemoteSha": "0.6.28",
      "Hash": "49b5c6e230bfec487b8917d5a0c77cca"
    },
    "ellipsis": {
      "Package": "ellipsis",
      "Version": "0.3.2",
      "Source": "CRAN",
      "Repository": "CRAN",
      "RemoteType": "standard",
      "RemotePkgRef": "ellipsis",
      "RemoteRef": "ellipsis",
      "RemoteRepos": "https://cran.rstudio.com/",
      "RemotePkgPlatform": "macos",
      "RemoteSha": "0.3.2",
      "Hash": "bb0eec2fe32e88d9e2836c2f73ea2077"
    },
    "evaluate": {
      "Package": "evaluate",
      "Version": "0.14",
      "Source": "CRAN",
      "Repository": "CRAN",
      "RemoteType": "standard",
      "RemotePkgRef": "evaluate",
      "RemoteRef": "evaluate",
      "RemoteRepos": "https://cran.rstudio.com/",
      "RemotePkgPlatform": "macos",
      "RemoteSha": "0.14",
      "Hash": "ec8ca05cffcc70569eaaad8469d2a3a7"
    },
    "fansi": {
      "Package": "fansi",
      "Version": "0.5.0",
      "Source": "CRAN",
      "Repository": "CRAN",
      "RemoteType": "standard",
      "RemotePkgRef": "fansi",
      "RemoteRef": "fansi",
      "RemoteRepos": "https://cran.rstudio.com/",
      "RemotePkgPlatform": "macos",
      "RemoteSha": "0.5.0",
      "Hash": "d447b40982c576a72b779f0a3b3da227"
    },
    "farver": {
      "Package": "farver",
      "Version": "2.1.0",
      "Source": "CRAN",
      "Repository": "CRAN",
      "RemoteType": "standard",
      "RemotePkgRef": "farver",
      "RemoteRef": "farver",
      "RemoteRepos": "https://cran.rstudio.com/",
      "RemotePkgPlatform": "macos",
      "RemoteSha": "2.1.0",
      "Hash": "c98eb5133d9cb9e1622b8691487f11bb"
    },
    "fastmap": {
      "Package": "fastmap",
      "Version": "1.1.0",
      "Source": "CRAN",
      "Repository": "CRAN",
      "RemoteType": "standard",
      "RemotePkgRef": "fastmap",
      "RemoteRef": "fastmap",
      "RemoteRepos": "https://cran.rstudio.com/",
      "RemotePkgPlatform": "macos",
      "RemoteSha": "1.1.0",
      "Hash": "77bd60a6157420d4ffa93b27cf6a58b8"
    },
    "ggplot2": {
      "Package": "ggplot2",
      "Version": "3.3.5",
      "Source": "CRAN",
      "Repository": "CRAN",
      "RemoteType": "standard",
      "RemotePkgRef": "ggplot2",
      "RemoteRef": "ggplot2",
      "RemoteRepos": "https://cran.rstudio.com/",
      "RemotePkgPlatform": "macos",
      "RemoteSha": "3.3.5",
      "Hash": "d7566c471c7b17e095dd023b9ef155ad"
    },
    "glue": {
      "Package": "glue",
      "Version": "1.5.0",
      "Source": "CRAN",
      "Repository": "CRAN",
      "RemoteType": "standard",
      "RemotePkgRef": "glue",
      "RemoteRef": "glue",
      "RemoteRepos": "https://cran.rstudio.com/",
      "RemotePkgPlatform": "macos",
      "RemoteSha": "1.5.0",
      "Hash": "5ccb956a6d09b4ca448094582f8c7571"
    },
    "gtable": {
      "Package": "gtable",
      "Version": "0.3.0",
      "Source": "CRAN",
      "Repository": "CRAN",
      "RemoteType": "standard",
      "RemotePkgRef": "gtable",
      "RemoteRef": "gtable",
      "RemoteRepos": "https://cran.rstudio.com/",
      "RemotePkgPlatform": "macos",
      "RemoteSha": "0.3.0",
      "Hash": "ac5c6baf7822ce8732b343f14c072c4d"
    },
    "htmltools": {
      "Package": "htmltools",
      "Version": "0.5.2",
      "Source": "CRAN",
      "Repository": "CRAN",
      "RemoteType": "standard",
      "RemotePkgRef": "htmltools",
      "RemoteRef": "htmltools",
      "RemoteRepos": "https://cran.rstudio.com/",
      "RemotePkgPlatform": "macos",
      "RemoteSha": "0.5.2",
      "Hash": "526c484233f42522278ab06fb185cb26"
    },
    "isoband": {
      "Package": "isoband",
      "Version": "0.2.5",
      "Source": "CRAN",
      "Repository": "CRAN",
      "RemoteType": "standard",
      "RemotePkgRef": "isoband",
      "RemoteRef": "isoband",
      "RemoteRepos": "https://cran.rstudio.com/",
      "RemotePkgPlatform": "macos",
      "RemoteSha": "0.2.5",
      "Hash": "7ab57a6de7f48a8dc84910d1eca42883"
    },
    "jsonlite": {
      "Package": "jsonlite",
      "Version": "1.7.2",
      "Source": "CRAN",
      "Repository": "CRAN",
      "RemoteType": "standard",
      "RemotePkgRef": "jsonlite",
      "RemoteRef": "jsonlite",
      "RemoteRepos": "https://cran.rstudio.com/",
      "RemotePkgPlatform": "macos",
      "RemoteSha": "1.7.2",
      "Hash": "98138e0994d41508c7a6b84a0600cfcb"
    },
    "labeling": {
      "Package": "labeling",
      "Version": "0.4.2",
      "Source": "CRAN",
      "Repository": "CRAN",
      "RemoteType": "standard",
      "RemotePkgRef": "labeling",
      "RemoteRef": "labeling",
      "RemoteRepos": "https://cran.rstudio.com/",
      "RemotePkgPlatform": "macos",
      "RemoteSha": "0.4.2",
      "Hash": "3d5108641f47470611a32d0bdf357a72"
    },
    "lattice": {
      "Package": "lattice",
      "Version": "0.20-45",
      "Source": "Repository",
      "Repository": "CRAN",
      "Hash": "b64cdbb2b340437c4ee047a1f4c4377b"
    },
    "lifecycle": {
      "Package": "lifecycle",
      "Version": "1.0.1",
      "Source": "CRAN",
      "Repository": "CRAN",
      "RemoteType": "standard",
      "RemotePkgRef": "lifecycle",
      "RemoteRef": "lifecycle",
      "RemoteRepos": "https://cran.rstudio.com/",
      "RemotePkgPlatform": "macos",
      "RemoteSha": "1.0.1",
      "Hash": "a6b6d352e3ed897373ab19d8395c98d0"
    },
    "magrittr": {
      "Package": "magrittr",
      "Version": "2.0.1",
      "Source": "CRAN",
      "Repository": "CRAN",
      "RemoteType": "standard",
      "RemotePkgRef": "magrittr",
      "RemoteRef": "magrittr",
      "RemoteRepos": "https://cran.rstudio.com/",
      "RemotePkgPlatform": "macos",
      "RemoteSha": "2.0.1",
      "Hash": "41287f1ac7d28a92f0a286ed507928d3"
    },
    "mgcv": {
      "Package": "mgcv",
      "Version": "1.8-38",
      "Source": "Repository",
      "Repository": "CRAN",
      "Hash": "be3c61ffbb1e3d3b3df214d192ac5444"
    },
    "munsell": {
      "Package": "munsell",
      "Version": "0.5.0",
      "Source": "CRAN",
      "Repository": "CRAN",
      "RemoteType": "standard",
      "RemotePkgRef": "munsell",
      "RemoteRef": "munsell",
      "RemoteRepos": "https://cran.rstudio.com/",
      "RemotePkgPlatform": "macos",
      "RemoteSha": "0.5.0",
      "Hash": "6dfe8bf774944bd5595785e3229d8771"
    },
    "nlme": {
      "Package": "nlme",
      "Version": "3.1-153",
      "Source": "Repository",
      "Repository": "CRAN",
      "Hash": "2d632e0d963a653a0329756ce701ecdd"
    },
    "pillar": {
      "Package": "pillar",
      "Version": "1.6.4",
      "Source": "CRAN",
      "Repository": "CRAN",
      "RemoteType": "standard",
      "RemotePkgRef": "pillar",
      "RemoteRef": "pillar",
      "RemoteRepos": "https://cran.rstudio.com/",
      "RemotePkgPlatform": "macos",
      "RemoteSha": "1.6.4",
      "Hash": "60200b6aa32314ac457d3efbb5ccbd98"
    },
    "pkgconfig": {
      "Package": "pkgconfig",
      "Version": "2.0.3",
      "Source": "CRAN",
      "Repository": "CRAN",
      "RemoteType": "standard",
      "RemotePkgRef": "pkgconfig",
      "RemoteRef": "pkgconfig",
      "RemoteRepos": "https://cran.rstudio.com/",
      "RemotePkgPlatform": "macos",
      "RemoteSha": "2.0.3",
      "Hash": "01f28d4278f15c76cddbea05899c5d6f"
    },
    "pkgload": {
      "Package": "pkgload",
      "Version": "1.2.3",
      "Source": "CRAN",
      "Repository": "CRAN",
      "RemoteType": "standard",
      "RemotePkgRef": "pkgload",
      "RemoteRef": "pkgload",
      "RemoteRepos": "https://cran.rstudio.com/",
      "RemotePkgPlatform": "macos",
      "RemoteSha": "1.2.3",
      "Hash": "302276471121c41f47380243b82d5882"
    },
    "praise": {
      "Package": "praise",
      "Version": "1.0.0",
      "Source": "CRAN",
      "Repository": "CRAN",
      "RemoteType": "standard",
      "RemotePkgRef": "praise",
      "RemoteRef": "praise",
      "RemoteRepos": "https://cran.rstudio.com/",
      "RemotePkgPlatform": "macos",
      "RemoteSha": "1.0.0",
      "Hash": "a555924add98c99d2f411e37e7d25e9f"
    },
    "processx": {
      "Package": "processx",
      "Version": "3.5.2",
      "Source": "CRAN",
      "Repository": "CRAN",
      "RemoteType": "standard",
      "RemotePkgRef": "processx",
      "RemoteRef": "processx",
      "RemoteRepos": "https://cran.rstudio.com/",
      "RemotePkgPlatform": "macos",
      "RemoteSha": "3.5.2",
      "Hash": "0cbca2bc4d16525d009c4dbba156b37c"
    },
    "ps": {
      "Package": "ps",
      "Version": "1.6.0",
      "Source": "CRAN",
      "Repository": "CRAN",
      "RemoteType": "standard",
      "RemotePkgRef": "ps",
      "RemoteRef": "ps",
      "RemoteRepos": "https://cran.rstudio.com/",
      "RemotePkgPlatform": "macos",
      "RemoteSha": "1.6.0",
      "Hash": "32620e2001c1dce1af49c49dccbb9420"
    },
    "ragg": {
      "Package": "ragg",
      "Version": "1.2.0",
      "Source": "CRAN",
      "Repository": "CRAN",
      "RemoteType": "standard",
      "RemotePkgRef": "ragg",
      "RemoteRef": "ragg",
      "RemoteRepos": "https://cran.rstudio.com/",
      "RemotePkgPlatform": "source",
      "RemoteSha": "1.2.0",
      "Hash": "5755f91f5fb68fb8cb8a3cf78808222e"
    },
    "rematch2": {
      "Package": "rematch2",
      "Version": "2.1.2",
      "Source": "CRAN",
      "Repository": "CRAN",
      "RemoteType": "standard",
      "RemotePkgRef": "rematch2",
      "RemoteRef": "rematch2",
      "RemoteRepos": "https://cran.rstudio.com/",
      "RemotePkgPlatform": "macos",
      "RemoteSha": "2.1.2",
      "Hash": "76c9e04c712a05848ae7a23d2f170a40"
    },
    "renv": {
      "Package": "renv",
      "Version": "0.14.0",
      "Source": "Repository",
      "Repository": "CRAN",
      "Hash": "30e5eba91b67f7f4d75d31de14bbfbdc"
    },
    "rlang": {
      "Package": "rlang",
      "Version": "0.4.12",
      "Source": "CRAN",
      "Repository": "CRAN",
      "RemoteType": "standard",
      "RemotePkgRef": "rlang",
      "RemoteRef": "rlang",
      "RemoteRepos": "https://cran.rstudio.com/",
      "RemotePkgPlatform": "macos",
      "RemoteSha": "0.4.12",
      "Hash": "0879f5388fe6e4d56d7ef0b7ccb031e5"
    },
    "rprojroot": {
      "Package": "rprojroot",
      "Version": "2.0.2",
      "Source": "CRAN",
      "Repository": "CRAN",
      "RemoteType": "standard",
      "RemotePkgRef": "rprojroot",
      "RemoteRef": "rprojroot",
      "RemoteRepos": "https://cran.rstudio.com/",
      "RemotePkgPlatform": "macos",
      "RemoteSha": "2.0.2",
      "Hash": "249d8cd1e74a8f6a26194a91b47f21d1"
    },
    "rstudioapi": {
      "Package": "rstudioapi",
      "Version": "0.13",
      "Source": "CRAN",
      "Repository": "CRAN",
      "RemoteType": "standard",
      "RemotePkgRef": "rstudioapi",
      "RemoteRef": "rstudioapi",
      "RemoteRepos": "https://cran.rstudio.com/",
      "RemotePkgPlatform": "macos",
      "RemoteSha": "0.13",
      "Hash": "06c85365a03fdaf699966cc1d3cf53ea"
    },
    "scales": {
      "Package": "scales",
      "Version": "1.1.1",
      "Source": "CRAN",
      "Repository": "CRAN",
      "RemoteType": "standard",
      "RemotePkgRef": "scales",
      "RemoteRef": "scales",
      "RemoteRepos": "https://cran.rstudio.com/",
      "RemotePkgPlatform": "macos",
      "RemoteSha": "1.1.1",
      "Hash": "6f76f71042411426ec8df6c54f34e6dd"
    },
    "systemfonts": {
      "Package": "systemfonts",
      "Version": "1.0.3",
      "Source": "CRAN",
      "Repository": "CRAN",
      "RemoteType": "standard",
      "RemotePkgRef": "systemfonts",
      "RemoteRef": "systemfonts",
      "RemoteRepos": "https://cran.rstudio.com/",
      "RemotePkgPlatform": "source",
      "RemoteSha": "1.0.3",
      "Hash": "5be9fcf8ef6763e8cb13ab009e273a1d"
    },
    "testthat": {
      "Package": "testthat",
      "Version": "3.1.0",
      "Source": "CRAN",
      "Repository": "CRAN",
      "RemoteType": "standard",
      "RemotePkgRef": "testthat",
      "RemoteRef": "testthat",
      "RemoteRepos": "https://cran.rstudio.com/",
      "RemotePkgPlatform": "macos",
      "RemoteSha": "3.1.0",
      "Hash": "89e55ebe4f5ddd7f43f0f2bc6d96c950"
    },
    "textshaping": {
      "Package": "textshaping",
      "Version": "0.3.6",
      "Source": "CRAN",
      "Repository": "CRAN",
      "RemoteType": "standard",
      "RemotePkgRef": "textshaping",
      "RemoteRef": "textshaping",
      "RemoteRepos": "https://cran.rstudio.com/",
      "RemotePkgPlatform": "macos",
      "RemoteSha": "0.3.6",
      "Hash": "1ab6223d3670fac7143202cb6a2d43d5"
    },
    "tibble": {
      "Package": "tibble",
      "Version": "3.1.6",
      "Source": "CRAN",
      "Repository": "CRAN",
      "RemoteType": "standard",
      "RemotePkgRef": "tibble",
      "RemoteRef": "tibble",
      "RemoteRepos": "https://cran.rstudio.com/",
      "RemotePkgPlatform": "macos",
      "RemoteSha": "3.1.6",
      "Hash": "8a8f02d1934dfd6431c671361510dd0b"
    },
    "utf8": {
      "Package": "utf8",
      "Version": "1.2.2",
      "Source": "CRAN",
      "Repository": "CRAN",
      "RemoteType": "standard",
      "RemotePkgRef": "utf8",
      "RemoteRef": "utf8",
      "RemoteRepos": "https://cran.rstudio.com/",
      "RemotePkgPlatform": "macos",
      "RemoteSha": "1.2.2",
      "Hash": "c9c462b759a5cc844ae25b5942654d13"
    },
    "vctrs": {
      "Package": "vctrs",
      "Version": "0.3.8",
      "Source": "CRAN",
      "Repository": "CRAN",
      "RemoteType": "standard",
      "RemotePkgRef": "vctrs",
      "RemoteRef": "vctrs",
      "RemoteRepos": "https://cran.rstudio.com/",
      "RemotePkgPlatform": "macos",
      "RemoteSha": "0.3.8",
      "Hash": "ecf749a1b39ea72bd9b51b76292261f1"
    },
    "vdiffr": {
      "Package": "vdiffr",
      "Version": "1.0.2",
      "Source": "Repository",
      "Repository": "CRAN",
      "Hash": "b4f7f5d067d7fb779b61e67f96cebeed"
    },
    "viridisLite": {
      "Package": "viridisLite",
      "Version": "0.4.0",
      "Source": "CRAN",
      "Repository": "CRAN",
      "RemoteType": "standard",
      "RemotePkgRef": "viridisLite",
      "RemoteRef": "viridisLite",
      "RemoteRepos": "https://cran.rstudio.com/",
      "RemotePkgPlatform": "macos",
      "RemoteSha": "0.4.0",
      "Hash": "55e157e2aa88161bdb0754218470d204"
    },
    "waldo": {
      "Package": "waldo",
      "Version": "0.3.1",
      "Source": "CRAN",
      "Repository": "CRAN",
      "RemoteType": "standard",
      "RemotePkgRef": "waldo",
      "RemoteRef": "waldo",
      "RemoteRepos": "https://cran.rstudio.com/",
      "RemotePkgPlatform": "macos",
      "RemoteSha": "0.3.1",
      "Hash": "ad8cfff5694ac5b3c354f8f2044bd976"
    },
    "withr": {
      "Package": "withr",
      "Version": "2.4.2",
      "Source": "CRAN",
      "Repository": "CRAN",
      "RemoteType": "standard",
      "RemotePkgRef": "withr",
      "RemoteRef": "withr",
      "RemoteRepos": "https://cran.rstudio.com/",
      "RemotePkgPlatform": "macos",
      "RemoteSha": "2.4.2",
      "Hash": "ad03909b44677f930fa156d47d7a3aeb"
    },
    "xml2": {
      "Package": "xml2",
      "Version": "1.3.2",
      "Source": "CRAN",
      "Repository": "CRAN",
      "RemoteType": "standard",
      "RemotePkgRef": "xml2",
      "RemoteRef": "xml2",
      "RemoteRepos": "https://cran.rstudio.com/",
      "RemotePkgPlatform": "macos",
      "RemoteSha": "1.3.2",
      "Hash": "d4d71a75dd3ea9eb5fa28cc21f9585e2"
    }
  }
}
